
Microsoft Visual Studio Solution File, Format Version 12.00
# Visual Studio Version 16
VisualStudioVersion = 16.0.28803.452
MinimumVisualStudioVersion = 10.0.40219.1
Project("{FAE04EC0-301F-11D3-BF4B-00C04F79EFBC}") = "Ejercicio10.Android", "Ejercicio10\Ejercicio10.Android\Ejercicio10.Android.csproj", "{93B56962-8025-47D3-B257-D13E5B98D2EE}"
EndProject
Project("{9A19103F-16F7-4668-BE54-9A1E7A4F7556}") = "Ejercicio10", "Ejercicio10\Ejercicio10\Ejercicio10.csproj", "{173FFA0D-CBB7-4B86-BF22-6DF25E0541B9}"
EndProject
Global
	GlobalSection(SolutionConfigurationPlatforms) = preSolution
		Debug|Any CPU = Debug|Any CPU
		Debug|iPhone = Debug|iPhone
		Debug|iPhoneSimulator = Debug|iPhoneSimulator
		Release|Any CPU = Release|Any CPU
		Release|iPhone = Release|iPhone
		Release|iPhoneSimulator = Release|iPhoneSimulator
	EndGlobalSection
	GlobalSection(ProjectConfigurationPlatforms) = postSolution
		{93B56962-8025-47D3-B257-D13E5B98D2EE}.Debug|Any CPU.ActiveCfg = Debug|Any CPU
		{93B56962-8025-47D3-B257-D13E5B98D2EE}.Debug|Any CPU.Build.0 = Debug|Any CPU
		{93B56962-8025-47D3-B257-D13E5B98D2EE}.Debug|Any CPU.Deploy.0 = Debug|Any CPU
		{93B56962-8025-47D3-B257-D13E5B98D2EE}.Debug|iPhone.ActiveCfg = Debug|Any CPU
		{93B56962-8025-47D3-B257-D13E5B98D2EE}.Debug|iPhone.Build.0 = Debug|Any CPU
		{93B56962-8025-47D3-B257-D13E5B98D2EE}.Debug|iPhone.Deploy.0 = Debug|Any CPU
		{93B56962-8025-47D3-B257-D13E5B98D2EE}.Debug|iPhoneSimulator.ActiveCfg = Debug|Any CPU
		{93B56962-8025-47D3-B257-D13E5B98D2EE}.Debug|iPhoneSimulator.Build.0 = Debug|Any CPU
		{93B56962-8025-47D3-B257-D13E5B98D2EE}.Debug|iPhoneSimulator.Deploy.0 = Debug|Any CPU
		{93B56962-8025-47D3-B257-D13E5B98D2EE}.Release|Any CPU.ActiveCfg = Release|Any CPU
		{93B56962-8025-47D3-B257-D13E5B98D2EE}.Release|Any CPU.Build.0 = Release|Any CPU
		{93B56962-8025-47D3-B257-D13E5B98D2EE}.Release|Any CPU.Deploy.0 = Release|Any CPU
		{93B56962-8025-47D3-B257-D13E5B98D2EE}.Release|iPhone.ActiveCfg = Release|Any CPU
		{93B56962-8025-47D3-B257-D13E5B98D2EE}.Release|iPhone.Build.0 = Release|Any CPU
		{93B56962-8025-47D3-B257-D13E5B98D2EE}.Release|iPhone.Deploy.0 = Release|Any CPU
		{93B56962-8025-47D3-B257-D13E5B98D2EE}.Release|iPhoneSimulator.ActiveCfg = Release|Any CPU
		{93B56962-8025-47D3-B257-D13E5B98D2EE}.Release|iPhoneSimulator.Build.0 = Release|Any CPU
		{93B56962-8025-47D3-B257-D13E5B98D2EE}.Release|iPhoneSimulator.Deploy.0 = Release|Any CPU
		{173FFA0D-CBB7-4B86-BF22-6DF25E0541B9}.Debug|Any CPU.ActiveCfg = Debug|Any CPU
		{173FFA0D-CBB7-4B86-BF22-6DF25E0541B9}.Debug|Any CPU.Build.0 = Debug|Any CPU
		{173FFA0D-CBB7-4B86-BF22-6DF25E0541B9}.Debug|Any CPU.Deploy.0 = Debug|Any CPU
		{173FFA0D-CBB7-4B86-BF22-6DF25E0541B9}.Debug|iPhone.ActiveCfg = Debug|Any CPU
		{173FFA0D-CBB7-4B86-BF22-6DF25E0541B9}.Debug|iPhone.Build.0 = Debug|Any CPU
		{173FFA0D-CBB7-4B86-BF22-6DF25E0541B9}.Debug|iPhone.Deploy.0 = Debug|Any CPU
		{173FFA0D-CBB7-4B86-BF22-6DF25E0541B9}.Debug|iPhoneSimulator.ActiveCfg = Debug|Any CPU
		{173FFA0D-CBB7-4B86-BF22-6DF25E0541B9}.Debug|iPhoneSimulator.Build.0 = Debug|Any CPU
		{173FFA0D-CBB7-4B86-BF22-6DF25E0541B9}.Debug|iPhoneSimulator.Deploy.0 = Debug|Any CPU
		{173FFA0D-CBB7-4B86-BF22-6DF25E0541B9}.Release|Any CPU.ActiveCfg = Release|Any CPU
		{173FFA0D-CBB7-4B86-BF22-6DF25E0541B9}.Release|Any CPU.Build.0 = Release|Any CPU
		{173FFA0D-CBB7-4B86-BF22-6DF25E0541B9}.Release|Any CPU.Deploy.0 = Release|Any CPU
		{173FFA0D-CBB7-4B86-BF22-6DF25E0541B9}.Release|iPhone.ActiveCfg = Release|Any CPU
		{173FFA0D-CBB7-4B86-BF22-6DF25E0541B9}.Release|iPhone.Build.0 = Release|Any CPU
		{173FFA0D-CBB7-4B86-BF22-6DF25E0541B9}.Release|iPhone.Deploy.0 = Release|Any CPU
		{173FFA0D-CBB7-4B86-BF22-6DF25E0541B9}.Release|iPhoneSimulator.ActiveCfg = Release|Any CPU
		{173FFA0D-CBB7-4B86-BF22-6DF25E0541B9}.Release|iPhoneSimulator.Build.0 = Release|Any CPU
		{173FFA0D-CBB7-4B86-BF22-6DF25E0541B9}.Release|iPhoneSimulator.Deploy.0 = Release|Any CPU
	EndGlobalSection
	GlobalSection(SolutionProperties) = preSolution
		HideSolutionNode = FALSE
	EndGlobalSection
	GlobalSection(ExtensibilityGlobals) = postSolution
		SolutionGuid = {F1A334F5-C032-45F0-AB6D-9B360599E9A9}
	EndGlobalSection
EndGlobal
